
Microsoft Visual Studio Solution File, Format Version 12.00
# Visual Studio Version 17
VisualStudioVersion = 17.8.34525.116
MinimumVisualStudioVersion = 10.0.40219.1
Project("{FAE04EC0-301F-11D3-BF4B-00C04F79EFBC}") = "UML II", "UML II\UML II.csproj", "{FEA17281-9173-4A08-A9FC-390EF7B63872}"
EndProject
Global
	GlobalSection(SolutionConfigurationPlatforms) = preSolution
		Debug|Any CPU = Debug|Any CPU
		Release|Any CPU = Release|Any CPU
	EndGlobalSection
	GlobalSection(ProjectConfigurationPlatforms) = postSolution
		{FEA17281-9173-4A08-A9FC-390EF7B63872}.Debug|Any CPU.ActiveCfg = Debug|Any CPU
		{FEA17281-9173-4A08-A9FC-390EF7B63872}.Debug|Any CPU.Build.0 = Debug|Any CPU
		{FEA17281-9173-4A08-A9FC-390EF7B63872}.Release|Any CPU.ActiveCfg = Release|Any CPU
		{FEA17281-9173-4A08-A9FC-390EF7B63872}.Release|Any CPU.Build.0 = Release|Any CPU
	EndGlobalSection
	GlobalSection(SolutionProperties) = preSolution
		HideSolutionNode = FALSE
	EndGlobalSection
	GlobalSection(ExtensibilityGlobals) = postSolution
		SolutionGuid = {2D65E8AD-1850-4E18-B5AD-22DE9F6E54D7}
	EndGlobalSection
EndGlobal
